Microsoft Visual Studio Solution File, Format Version 12.00
# Visual Studio Version 16
VisualStudioVersion = 16.0.0.0
MinimumVisualStudioVersion = 16.0.0.0
Project("{FAE04EC0-301F-11D3-BF4B-00C04F79EFBC}") = "DatabaseLayer", "DatabaseLayer\DatabaseLayer.csproj", "{381BC53A-725C-43AD-A728-F7269D14819F}"
EndProject
Project("{FAE04EC0-301F-11D3-BF4B-00C04F79EFBC}") = "AskAHuman", "AskAHuman\AskAHuman.csproj", "{5AD1A4AF-8A20-4ACC-87CE-1B6380678593}"
EndProject
Project("{FAE04EC0-301F-11D3-BF4B-00C04F79EFBC}") = "Tests", "Tests\Tests.csproj", "{55D5C9E6-35F5-44AD-8EC2-5802F6D54916}"
EndProject
Project("{2150E333-8FDC-42A3-9474-1A3956D46DE8}") = "src", "src", "{1AE372F2-A8CD-428F-8996-DC3FDF109D75}"
EndProject
Project("{2150E333-8FDC-42A3-9474-1A3956D46DE8}") = "test", "test", "{2C152278-B957-4F8C-AA7F-5BE35AA27A37}"
EndProject
Global
	GlobalSection(SolutionConfigurationPlatforms) = preSolution
		Debug|Any CPU = Debug|Any CPU
		Debug|x64 = Debug|x64
		Debug|x86 = Debug|x86
		Release|Any CPU = Release|Any CPU
		Release|x64 = Release|x64
		Release|x86 = Release|x86
	EndGlobalSection
	GlobalSection(ProjectConfigurationPlatforms) = postSolution
		{381BC53A-725C-43AD-A728-F7269D14819F}.Debug|Any CPU.ActiveCfg = Debug|Any CPU
		{381BC53A-725C-43AD-A728-F7269D14819F}.Debug|Any CPU.Build.0 = Debug|Any CPU
		{381BC53A-725C-43AD-A728-F7269D14819F}.Debug|x64.ActiveCfg = Debug|Any CPU
		{381BC53A-725C-43AD-A728-F7269D14819F}.Debug|x64.Build.0 = Debug|Any CPU
		{381BC53A-725C-43AD-A728-F7269D14819F}.Debug|x86.ActiveCfg = Debug|Any CPU
		{381BC53A-725C-43AD-A728-F7269D14819F}.Debug|x86.Build.0 = Debug|Any CPU
		{381BC53A-725C-43AD-A728-F7269D14819F}.Release|Any CPU.ActiveCfg = Release|Any CPU
		{381BC53A-725C-43AD-A728-F7269D14819F}.Release|Any CPU.Build.0 = Release|Any CPU
		{381BC53A-725C-43AD-A728-F7269D14819F}.Release|x64.ActiveCfg = Release|Any CPU
		{381BC53A-725C-43AD-A728-F7269D14819F}.Release|x64.Build.0 = Release|Any CPU
		{381BC53A-725C-43AD-A728-F7269D14819F}.Release|x86.ActiveCfg = Release|Any CPU
		{381BC53A-725C-43AD-A728-F7269D14819F}.Release|x86.Build.0 = Release|Any CPU
		{5AD1A4AF-8A20-4ACC-87CE-1B6380678593}.Debug|Any CPU.ActiveCfg = Debug|Any CPU
		{5AD1A4AF-8A20-4ACC-87CE-1B6380678593}.Debug|Any CPU.Build.0 = Debug|Any CPU
		{5AD1A4AF-8A20-4ACC-87CE-1B6380678593}.Debug|x64.ActiveCfg = Debug|Any CPU
		{5AD1A4AF-8A20-4ACC-87CE-1B6380678593}.Debug|x64.Build.0 = Debug|Any CPU
		{5AD1A4AF-8A20-4ACC-87CE-1B6380678593}.Debug|x86.ActiveCfg = Debug|Any CPU
		{5AD1A4AF-8A20-4ACC-87CE-1B6380678593}.Debug|x86.Build.0 = Debug|Any CPU
		{5AD1A4AF-8A20-4ACC-87CE-1B6380678593}.Release|Any CPU.ActiveCfg = Release|Any CPU
		{5AD1A4AF-8A20-4ACC-87CE-1B6380678593}.Release|Any CPU.Build.0 = Release|Any CPU
		{5AD1A4AF-8A20-4ACC-87CE-1B6380678593}.Release|x64.ActiveCfg = Release|Any CPU
		{5AD1A4AF-8A20-4ACC-87CE-1B6380678593}.Release|x64.Build.0 = Release|Any CPU
		{5AD1A4AF-8A20-4ACC-87CE-1B6380678593}.Release|x86.ActiveCfg = Release|Any CPU
		{5AD1A4AF-8A20-4ACC-87CE-1B6380678593}.Release|x86.Build.0 = Release|Any CPU
		{55D5C9E6-35F5-44AD-8EC2-5802F6D54916}.Debug|Any CPU.ActiveCfg = Debug|Any CPU
		{55D5C9E6-35F5-44AD-8EC2-5802F6D54916}.Debug|Any CPU.Build.0 = Debug|Any CPU
		{55D5C9E6-35F5-44AD-8EC2-5802F6D54916}.Debug|x64.ActiveCfg = Debug|Any CPU
		{55D5C9E6-35F5-44AD-8EC2-5802F6D54916}.Debug|x64.Build.0 = Debug|Any CPU
		{55D5C9E6-35F5-44AD-8EC2-5802F6D54916}.Debug|x86.ActiveCfg = Debug|Any CPU
		{55D5C9E6-35F5-44AD-8EC2-5802F6D54916}.Debug|x86.Build.0 = Debug|Any CPU
		{55D5C9E6-35F5-44AD-8EC2-5802F6D54916}.Release|Any CPU.ActiveCfg = Release|Any CPU
		{55D5C9E6-35F5-44AD-8EC2-5802F6D54916}.Release|Any CPU.Build.0 = Release|Any CPU
		{55D5C9E6-35F5-44AD-8EC2-5802F6D54916}.Release|x64.ActiveCfg = Release|Any CPU
		{55D5C9E6-35F5-44AD-8EC2-5802F6D54916}.Release|x64.Build.0 = Release|Any CPU
		{55D5C9E6-35F5-44AD-8EC2-5802F6D54916}.Release|x86.ActiveCfg = Release|Any CPU
		{55D5C9E6-35F5-44AD-8EC2-5802F6D54916}.Release|x86.Build.0 = Release|Any CPU
	EndGlobalSection
	GlobalSection(SolutionProperties) = preSolution
		HideSolutionNode = FALSE
	EndGlobalSection
	GlobalSection(ExtensibilityGlobals) = postSolution
		SolutionGuid = {94657A3A-691E-4BF9-9811-9A9F88DB1AF3}
	EndGlobalSection
	GlobalSection(NestedProjects) = preSolution
		{5AD1A4AF-8A20-4ACC-87CE-1B6380678593} = {1AE372F2-A8CD-428F-8996-DC3FDF109D75}
		{381BC53A-725C-43AD-A728-F7269D14819F} = {1AE372F2-A8CD-428F-8996-DC3FDF109D75}
		{55D5C9E6-35F5-44AD-8EC2-5802F6D54916} = {2C152278-B957-4F8C-AA7F-5BE35AA27A37}
	EndGlobalSection
EndGlobal
